
Microsoft Visual Studio Solution File, Format Version 12.00
# Visual Studio Version 17
VisualStudioVersion = 17.14.36202.13 d17.14
MinimumVisualStudioVersion = 10.0.40219.1
Project("{FAE04EC0-301F-11D3-BF4B-00C04F79EFBC}") = "ReactFormWeb", "ReactFormWeb\ReactFormWeb.csproj", "{2767E1CA-3DB4-48E3-8284-EC9A273FBFBD}"
EndProject
Global
	GlobalSection(SolutionConfigurationPlatforms) = preSolution
		Debug|Any CPU = Debug|Any CPU
		Release|Any CPU = Release|Any CPU
	EndGlobalSection
	GlobalSection(ProjectConfigurationPlatforms) = postSolution
		{2767E1CA-3DB4-48E3-8284-EC9A273FBFBD}.Debug|Any CPU.ActiveCfg = Debug|Any CPU
		{2767E1CA-3DB4-48E3-8284-EC9A273FBFBD}.Debug|Any CPU.Build.0 = Debug|Any CPU
		{2767E1CA-3DB4-48E3-8284-EC9A273FBFBD}.Release|Any CPU.ActiveCfg = Release|Any CPU
		{2767E1CA-3DB4-48E3-8284-EC9A273FBFBD}.Release|Any CPU.Build.0 = Release|Any CPU
	EndGlobalSection
	GlobalSection(SolutionProperties) = preSolution
		HideSolutionNode = FALSE
	EndGlobalSection
	GlobalSection(ExtensibilityGlobals) = postSolution
		SolutionGuid = {2D08AE22-8759-46B9-A61C-DAA49C601B46}
	EndGlobalSection
EndGlobal
